
Microsoft Visual Studio Solution File, Format Version 12.00
# Visual Studio Version 16
VisualStudioVersion = 16.0.29503.13
MinimumVisualStudioVersion = 10.0.40219.1
Project("{888888A0-9F3D-457C-B088-3A5042F75D52}") = "CSC450GroupProject", "CSC450GroupProject.pyproj", "{9FEC634E-1B00-44FB-83D3-BAB9E0122F40}"
EndProject
Global
	GlobalSection(SolutionConfigurationPlatforms) = preSolution
		Debug|Any CPU = Debug|Any CPU
		Release|Any CPU = Release|Any CPU
	EndGlobalSection
	GlobalSection(ProjectConfigurationPlatforms) = postSolution
		{9FEC634E-1B00-44FB-83D3-BAB9E0122F40}.Debug|Any CPU.ActiveCfg = Debug|Any CPU
		{9FEC634E-1B00-44FB-83D3-BAB9E0122F40}.Release|Any CPU.ActiveCfg = Release|Any CPU
	EndGlobalSection
	GlobalSection(SolutionProperties) = preSolution
		HideSolutionNode = FALSE
	EndGlobalSection
	GlobalSection(ExtensibilityGlobals) = postSolution
		SolutionGuid = {88AFA7A3-FAEE-4841-A681-B96567CDDCBC}
	EndGlobalSection
EndGlobal
